
Microsoft Visual Studio Solution File, Format Version 12.00
Project("{FAE04EC0-301F-11D3-BF4B-00C04F79EFBC}") = "WebEcommerce", "WebEcommerce\WebEcommerce.csproj", "{CE4C835D-CA80-46BB-8533-643D5124DAE4}"
EndProject
Global
	GlobalSection(SolutionConfigurationPlatforms) = preSolution
		Debug|Any CPU = Debug|Any CPU
		Release|Any CPU = Release|Any CPU
	EndGlobalSection
	GlobalSection(ProjectConfigurationPlatforms) = postSolution
		{CE4C835D-CA80-46BB-8533-643D5124DAE4}.Debug|Any CPU.ActiveCfg = Debug|Any CPU
		{CE4C835D-CA80-46BB-8533-643D5124DAE4}.Debug|Any CPU.Build.0 = Debug|Any CPU
		{CE4C835D-CA80-46BB-8533-643D5124DAE4}.Release|Any CPU.ActiveCfg = Release|Any CPU
		{CE4C835D-CA80-46BB-8533-643D5124DAE4}.Release|Any CPU.Build.0 = Release|Any CPU
	EndGlobalSection
EndGlobal
